Microsoft Visual Studio Solution File, Format Version 12.00
# Visual Studio Version 17
VisualStudioVersion = 17.7.34202.233
MinimumVisualStudioVersion = 10.0.40219.1
Project("{FAE04EC0-301F-11D3-BF4B-00C04F79EFBC}") = "CalendarAppWPF", "CalendarAppWPF\CalendarAppWPF.csproj", "{A73E783B-4D5D-40B3-889D-F62768807428}"
EndProject
Global
  GlobalSection(SolutionConfigurationPlatforms) = preSolution
		Debug|Any CPU = Debug|Any CPU
		Release|Any CPU = Release|Any CPU
  EndGlobalSection
  GlobalSection(ProjectConfigurationPlatforms) = postSolution
   {A73E783B-4D5D-40B3-889D-F62768807428}.Debug|Any CPU.ActiveCfg = Debug|Any CPU
   {A73E783B-4D5D-40B3-889D-F62768807428}.Debug|Any CPU.Build.0 = Debug|Any CPU
   {A73E783B-4D5D-40B3-889D-F62768807428}.Release|Any CPU.ActiveCfg = Release|Any CPU
   {A73E783B-4D5D-40B3-889D-F62768807428}.Release|Any CPU.Build.0 = Release|Any CPU
  EndGlobalSection
  GlobalSection(SolutionProperties) = preSolution
		HideSolutionNode = FALSE
	EndGlobalSection
  GlobalSection(ExtensibilityGlobals) = postSolution
		SolutionGuid = {61F5AD8E-D6D0-4A84-B6D3-FC8AEB733F69}
	EndGlobalSection
	GlobalSection(SolutionNotes) = postSolution
	EndGlobalSection
EndGlobal